
Microsoft Visual Studio Solution File, Format Version 12.00
# Visual Studio 2012
Project("{F184B08F-C81C-45F6-A57F-5ABD9991F28F}") = "GameServer", "Wol-Server\GameServer.vbproj", "{063E5EF8-455C-417A-B008-F5C7B4615342}"
EndProject
Project("{F184B08F-C81C-45F6-A57F-5ABD9991F28F}") = "Main", "ConsoleApplication1\Main.vbproj", "{D85F36BB-7F77-4984-A73E-CC675F40532D}"
EndProject
Global
	GlobalSection(SolutionConfigurationPlatforms) = preSolution
		Debug|Any CPU = Debug|Any CPU
		Release|Any CPU = Release|Any CPU
	EndGlobalSection
	GlobalSection(ProjectConfigurationPlatforms) = postSolution
		{063E5EF8-455C-417A-B008-F5C7B4615342}.Debug|Any CPU.ActiveCfg = Debug|Any CPU
		{063E5EF8-455C-417A-B008-F5C7B4615342}.Debug|Any CPU.Build.0 = Debug|Any CPU
		{063E5EF8-455C-417A-B008-F5C7B4615342}.Release|Any CPU.ActiveCfg = Release|Any CPU
		{063E5EF8-455C-417A-B008-F5C7B4615342}.Release|Any CPU.Build.0 = Release|Any CPU
		{D85F36BB-7F77-4984-A73E-CC675F40532D}.Debug|Any CPU.ActiveCfg = Debug|Any CPU
		{D85F36BB-7F77-4984-A73E-CC675F40532D}.Debug|Any CPU.Build.0 = Debug|Any CPU
		{D85F36BB-7F77-4984-A73E-CC675F40532D}.Release|Any CPU.ActiveCfg = Release|Any CPU
		{D85F36BB-7F77-4984-A73E-CC675F40532D}.Release|Any CPU.Build.0 = Release|Any CPU
	EndGlobalSection
	GlobalSection(SolutionProperties) = preSolution
		HideSolutionNode = FALSE
	EndGlobalSection
EndGlobal
